
Microsoft Visual Studio Solution File, Format Version 12.00
# Visual Studio Version 17
VisualStudioVersion = 17.11.35222.181
MinimumVisualStudioVersion = 10.0.40219.1
Project("{FAE04EC0-301F-11D3-BF4B-00C04F79EFBC}") = "TugasPrPBO", "TugasPrPBO\TugasPrPBO.csproj", "{77A94D5B-D590-4A9F-81D1-731E26C09292}"
EndProject
Global
	GlobalSection(SolutionConfigurationPlatforms) = preSolution
		Debug|Any CPU = Debug|Any CPU
		Release|Any CPU = Release|Any CPU
	EndGlobalSection
	GlobalSection(ProjectConfigurationPlatforms) = postSolution
		{77A94D5B-D590-4A9F-81D1-731E26C09292}.Debug|Any CPU.ActiveCfg = Debug|Any CPU
		{77A94D5B-D590-4A9F-81D1-731E26C09292}.Debug|Any CPU.Build.0 = Debug|Any CPU
		{77A94D5B-D590-4A9F-81D1-731E26C09292}.Release|Any CPU.ActiveCfg = Release|Any CPU
		{77A94D5B-D590-4A9F-81D1-731E26C09292}.Release|Any CPU.Build.0 = Release|Any CPU
	EndGlobalSection
	GlobalSection(SolutionProperties) = preSolution
		HideSolutionNode = FALSE
	EndGlobalSection
	GlobalSection(ExtensibilityGlobals) = postSolution
		SolutionGuid = {E693C400-5121-4434-80CB-23E0EA9B6E99}
	EndGlobalSection
EndGlobal
